
Microsoft Visual Studio Solution File, Format Version 12.00
# Visual Studio Version 17
VisualStudioVersion = 17.5.33516.290
MinimumVisualStudioVersion = 10.0.40219.1
Project("{9A19103F-16F7-4668-BE54-9A1E7A4F7556}") = "Rabbit_01_Pub", "Rabbit_01_Pub\Rabbit_01_Pub.csproj", "{FED3267C-F40D-40E6-A500-293EA2C6CFE4}"
EndProject
Project("{9A19103F-16F7-4668-BE54-9A1E7A4F7556}") = "Rabbit_01_Con", "Rabbit_01_Con\Rabbit_01_Con.csproj", "{6102E416-3DA1-4E1D-8C9D-13CC96F558BE}"
EndProject
Project("{9A19103F-16F7-4668-BE54-9A1E7A4F7556}") = "Rabbit_02_PubDirect", "Rabbit_02_PubDirect\Rabbit_02_PubDirect.csproj", "{1DBA6772-0284-4969-9CBF-B087ADC6570B}"
EndProject
Project("{9A19103F-16F7-4668-BE54-9A1E7A4F7556}") = "Rabbit_02_ConDirect", "Rabbit_02_ConDirect\Rabbit_02_ConDirect.csproj", "{29C05992-142B-44DF-878C-EE12190AA35A}"
EndProject
Project("{9A19103F-16F7-4668-BE54-9A1E7A4F7556}") = "Rabbit_03_PubFanout", "Rabbit_03_PubFanout\Rabbit_03_PubFanout.csproj", "{3A3742BF-D570-4B29-BA38-8A485E1152AC}"
EndProject
Project("{9A19103F-16F7-4668-BE54-9A1E7A4F7556}") = "Rabbit_03_ConFanout", "Rabbit_03_ConFanout\Rabbit_03_ConFanout.csproj", "{399A1456-2BEB-4E8C-88BF-3460CBF68C99}"
EndProject
Project("{9A19103F-16F7-4668-BE54-9A1E7A4F7556}") = "Rabbit_04_PubTopic", "Rabbit_04_PubTopic\Rabbit_04_PubTopic.csproj", "{3F6D7A9A-4CDB-43BA-BA3B-7627C3E02D1A}"
EndProject
Project("{9A19103F-16F7-4668-BE54-9A1E7A4F7556}") = "Rabbit_04_ConTopic", "Rabbit_04_ConTopic\Rabbit_04_ConTopic.csproj", "{85EAF57C-3DC1-49CA-8ECC-12D659EC2121}"
EndProject
Project("{9A19103F-16F7-4668-BE54-9A1E7A4F7556}") = "Rabbit_05_PubHeader", "Rabbit_05_PubHeader\Rabbit_05_PubHeader.csproj", "{7F68FD43-CD5D-4939-93D2-960724E92463}"
EndProject
Project("{9A19103F-16F7-4668-BE54-9A1E7A4F7556}") = "Rabbit_05_ConHeader", "Rabbit_05_ConHeader\Rabbit_05_ConHeader.csproj", "{D8F35B5B-DC39-4DCF-8E3A-D014FDBADBF9}"
EndProject
Project("{9A19103F-16F7-4668-BE54-9A1E7A4F7556}") = "Rabbit_00_ConFirst", "Rabbit_00_ConFirst\Rabbit_00_ConFirst.csproj", "{D8397967-2676-4075-8B06-E4DFBC397A73}"
EndProject
Project("{9A19103F-16F7-4668-BE54-9A1E7A4F7556}") = "Rabbit_00_PubFirst", "Rabbit_00_PubFirst\Rabbit_00_PubFirst.csproj", "{B4663C9A-F5BD-4C42-AF27-DE54C439EBDF}"
EndProject
Project("{9A19103F-16F7-4668-BE54-9A1E7A4F7556}") = "Rabbit_06_Pub", "Rabbit_06_Pub\Rabbit_06_Pub.csproj", "{3FF10E23-FB77-4B2B-92F6-03FB1B556736}"
EndProject
Project("{9A19103F-16F7-4668-BE54-9A1E7A4F7556}") = "Rabbit_06_Con", "Rabbit_06_Con\Rabbit_06_Con.csproj", "{0F058E1C-04DB-4F75-97D3-D66DB49232D2}"
EndProject
Project("{9A19103F-16F7-4668-BE54-9A1E7A4F7556}") = "Rabbit_07_MassTransit_Con", "Rabbit_07_MassTransit_Con\Rabbit_07_MassTransit_Con.csproj", "{02D517EA-CCC8-46A0-A2FC-91AE4614E7B6}"
EndProject
Project("{9A19103F-16F7-4668-BE54-9A1E7A4F7556}") = "Rabbit_07_MassTransit_Pub", "Rabbit_07_MassTransit_Pub\Rabbit_07_MassTransit_Pub.csproj", "{C48AEB95-DEF5-4B43-B69C-92DF3B3C043E}"
EndProject
Project("{9A19103F-16F7-4668-BE54-9A1E7A4F7556}") = "Rabbit_07_MassTransit_Shared", "Rabbit_07_MassTransit_Shared\Rabbit_07_MassTransit_Shared.csproj", "{7BF71421-8428-41F4-8DE2-6079EBD9F8D7}"
EndProject
Project("{9A19103F-16F7-4668-BE54-9A1E7A4F7556}") = "Rabbit_08_MassTransit_WorkerSrv_Pub", "Rabbit_08_MassTransit_WorkerSrv_Pub\Rabbit_08_MassTransit_WorkerSrv_Pub.csproj", "{EAECBF3D-4895-4D85-B88F-353C368F5166}"
	ProjectSection(ProjectDependencies) = postProject
		{7BF71421-8428-41F4-8DE2-6079EBD9F8D7} = {7BF71421-8428-41F4-8DE2-6079EBD9F8D7}
	EndProjectSection
EndProject
Project("{9A19103F-16F7-4668-BE54-9A1E7A4F7556}") = "Rabbit_08_MassTransit_WorkerSrv_Con", "Rabbit_08_MassTransit_WorkerSrv_Con\Rabbit_08_MassTransit_WorkerSrv_Con.csproj", "{14D7A24D-D64C-4374-9A58-69F01F725D22}"
	ProjectSection(ProjectDependencies) = postProject
		{7BF71421-8428-41F4-8DE2-6079EBD9F8D7} = {7BF71421-8428-41F4-8DE2-6079EBD9F8D7}
	EndProjectSection
EndProject
Project("{FAE04EC0-301F-11D3-BF4B-00C04F79EFBC}") = "Rabbit_09_MassTransit.RequestResponsePattern_Con", "Rabbit_09_MassTransit.RequestResponsePattern_Con\Rabbit_09_MassTransit.RequestResponsePattern_Con.csproj", "{03E5AED6-8B7F-4E91-8E6A-2DA32035213B}"
EndProject
Project("{FAE04EC0-301F-11D3-BF4B-00C04F79EFBC}") = "Rabbit_09_MassTransit.RequestResponsePattern_Pub", "Rabbit_09_MassTransit.RequestResponsePattern_Pub\Rabbit_09_MassTransit.RequestResponsePattern_Pub.csproj", "{826156DB-13D3-4409-AD47-EE943AEBCCD1}"
EndProject
Project("{FAE04EC0-301F-11D3-BF4B-00C04F79EFBC}") = "Rabbit_Z_MassTransit.Shared", "Rabbit_Z_MassTransit.Shared\Rabbit_Z_MassTransit.Shared.csproj", "{9ED1BCFA-99BC-452B-B2F5-D0740E4667F5}"
EndProject
Global
	GlobalSection(SolutionConfigurationPlatforms) = preSolution
		Debug|Any CPU = Debug|Any CPU
		Release|Any CPU = Release|Any CPU
	EndGlobalSection
	GlobalSection(ProjectConfigurationPlatforms) = postSolution
		{FED3267C-F40D-40E6-A500-293EA2C6CFE4}.Debug|Any CPU.ActiveCfg = Debug|Any CPU
		{FED3267C-F40D-40E6-A500-293EA2C6CFE4}.Debug|Any CPU.Build.0 = Debug|Any CPU
		{FED3267C-F40D-40E6-A500-293EA2C6CFE4}.Release|Any CPU.ActiveCfg = Release|Any CPU
		{FED3267C-F40D-40E6-A500-293EA2C6CFE4}.Release|Any CPU.Build.0 = Release|Any CPU
		{6102E416-3DA1-4E1D-8C9D-13CC96F558BE}.Debug|Any CPU.ActiveCfg = Debug|Any CPU
		{6102E416-3DA1-4E1D-8C9D-13CC96F558BE}.Debug|Any CPU.Build.0 = Debug|Any CPU
		{6102E416-3DA1-4E1D-8C9D-13CC96F558BE}.Release|Any CPU.ActiveCfg = Release|Any CPU
		{6102E416-3DA1-4E1D-8C9D-13CC96F558BE}.Release|Any CPU.Build.0 = Release|Any CPU
		{1DBA6772-0284-4969-9CBF-B087ADC6570B}.Debug|Any CPU.ActiveCfg = Debug|Any CPU
		{1DBA6772-0284-4969-9CBF-B087ADC6570B}.Debug|Any CPU.Build.0 = Debug|Any CPU
		{1DBA6772-0284-4969-9CBF-B087ADC6570B}.Release|Any CPU.ActiveCfg = Release|Any CPU
		{1DBA6772-0284-4969-9CBF-B087ADC6570B}.Release|Any CPU.Build.0 = Release|Any CPU
		{29C05992-142B-44DF-878C-EE12190AA35A}.Debug|Any CPU.ActiveCfg = Debug|Any CPU
		{29C05992-142B-44DF-878C-EE12190AA35A}.Debug|Any CPU.Build.0 = Debug|Any CPU
		{29C05992-142B-44DF-878C-EE12190AA35A}.Release|Any CPU.ActiveCfg = Release|Any CPU
		{29C05992-142B-44DF-878C-EE12190AA35A}.Release|Any CPU.Build.0 = Release|Any CPU
		{3A3742BF-D570-4B29-BA38-8A485E1152AC}.Debug|Any CPU.ActiveCfg = Debug|Any CPU
		{3A3742BF-D570-4B29-BA38-8A485E1152AC}.Debug|Any CPU.Build.0 = Debug|Any CPU
		{3A3742BF-D570-4B29-BA38-8A485E1152AC}.Release|Any CPU.ActiveCfg = Release|Any CPU
		{3A3742BF-D570-4B29-BA38-8A485E1152AC}.Release|Any CPU.Build.0 = Release|Any CPU
		{399A1456-2BEB-4E8C-88BF-3460CBF68C99}.Debug|Any CPU.ActiveCfg = Debug|Any CPU
		{399A1456-2BEB-4E8C-88BF-3460CBF68C99}.Debug|Any CPU.Build.0 = Debug|Any CPU
		{399A1456-2BEB-4E8C-88BF-3460CBF68C99}.Release|Any CPU.ActiveCfg = Release|Any CPU
		{399A1456-2BEB-4E8C-88BF-3460CBF68C99}.Release|Any CPU.Build.0 = Release|Any CPU
		{3F6D7A9A-4CDB-43BA-BA3B-7627C3E02D1A}.Debug|Any CPU.ActiveCfg = Debug|Any CPU
		{3F6D7A9A-4CDB-43BA-BA3B-7627C3E02D1A}.Debug|Any CPU.Build.0 = Debug|Any CPU
		{3F6D7A9A-4CDB-43BA-BA3B-7627C3E02D1A}.Release|Any CPU.ActiveCfg = Release|Any CPU
		{3F6D7A9A-4CDB-43BA-BA3B-7627C3E02D1A}.Release|Any CPU.Build.0 = Release|Any CPU
		{85EAF57C-3DC1-49CA-8ECC-12D659EC2121}.Debug|Any CPU.ActiveCfg = Debug|Any CPU
		{85EAF57C-3DC1-49CA-8ECC-12D659EC2121}.Debug|Any CPU.Build.0 = Debug|Any CPU
		{85EAF57C-3DC1-49CA-8ECC-12D659EC2121}.Release|Any CPU.ActiveCfg = Release|Any CPU
		{85EAF57C-3DC1-49CA-8ECC-12D659EC2121}.Release|Any CPU.Build.0 = Release|Any CPU
		{7F68FD43-CD5D-4939-93D2-960724E92463}.Debug|Any CPU.ActiveCfg = Debug|Any CPU
		{7F68FD43-CD5D-4939-93D2-960724E92463}.Debug|Any CPU.Build.0 = Debug|Any CPU
		{7F68FD43-CD5D-4939-93D2-960724E92463}.Release|Any CPU.ActiveCfg = Release|Any CPU
		{7F68FD43-CD5D-4939-93D2-960724E92463}.Release|Any CPU.Build.0 = Release|Any CPU
		{D8F35B5B-DC39-4DCF-8E3A-D014FDBADBF9}.Debug|Any CPU.ActiveCfg = Debug|Any CPU
		{D8F35B5B-DC39-4DCF-8E3A-D014FDBADBF9}.Debug|Any CPU.Build.0 = Debug|Any CPU
		{D8F35B5B-DC39-4DCF-8E3A-D014FDBADBF9}.Release|Any CPU.ActiveCfg = Release|Any CPU
		{D8F35B5B-DC39-4DCF-8E3A-D014FDBADBF9}.Release|Any CPU.Build.0 = Release|Any CPU
		{D8397967-2676-4075-8B06-E4DFBC397A73}.Debug|Any CPU.ActiveCfg = Debug|Any CPU
		{D8397967-2676-4075-8B06-E4DFBC397A73}.Debug|Any CPU.Build.0 = Debug|Any CPU
		{D8397967-2676-4075-8B06-E4DFBC397A73}.Release|Any CPU.ActiveCfg = Release|Any CPU
		{D8397967-2676-4075-8B06-E4DFBC397A73}.Release|Any CPU.Build.0 = Release|Any CPU
		{B4663C9A-F5BD-4C42-AF27-DE54C439EBDF}.Debug|Any CPU.ActiveCfg = Debug|Any CPU
		{B4663C9A-F5BD-4C42-AF27-DE54C439EBDF}.Debug|Any CPU.Build.0 = Debug|Any CPU
		{B4663C9A-F5BD-4C42-AF27-DE54C439EBDF}.Release|Any CPU.ActiveCfg = Release|Any CPU
		{B4663C9A-F5BD-4C42-AF27-DE54C439EBDF}.Release|Any CPU.Build.0 = Release|Any CPU
		{3FF10E23-FB77-4B2B-92F6-03FB1B556736}.Debug|Any CPU.ActiveCfg = Debug|Any CPU
		{3FF10E23-FB77-4B2B-92F6-03FB1B556736}.Debug|Any CPU.Build.0 = Debug|Any CPU
		{3FF10E23-FB77-4B2B-92F6-03FB1B556736}.Release|Any CPU.ActiveCfg = Release|Any CPU
		{3FF10E23-FB77-4B2B-92F6-03FB1B556736}.Release|Any CPU.Build.0 = Release|Any CPU
		{0F058E1C-04DB-4F75-97D3-D66DB49232D2}.Debug|Any CPU.ActiveCfg = Debug|Any CPU
		{0F058E1C-04DB-4F75-97D3-D66DB49232D2}.Debug|Any CPU.Build.0 = Debug|Any CPU
		{0F058E1C-04DB-4F75-97D3-D66DB49232D2}.Release|Any CPU.ActiveCfg = Release|Any CPU
		{0F058E1C-04DB-4F75-97D3-D66DB49232D2}.Release|Any CPU.Build.0 = Release|Any CPU
		{02D517EA-CCC8-46A0-A2FC-91AE4614E7B6}.Debug|Any CPU.ActiveCfg = Debug|Any CPU
		{02D517EA-CCC8-46A0-A2FC-91AE4614E7B6}.Debug|Any CPU.Build.0 = Debug|Any CPU
		{02D517EA-CCC8-46A0-A2FC-91AE4614E7B6}.Release|Any CPU.ActiveCfg = Release|Any CPU
		{02D517EA-CCC8-46A0-A2FC-91AE4614E7B6}.Release|Any CPU.Build.0 = Release|Any CPU
		{C48AEB95-DEF5-4B43-B69C-92DF3B3C043E}.Debug|Any CPU.ActiveCfg = Debug|Any CPU
		{C48AEB95-DEF5-4B43-B69C-92DF3B3C043E}.Debug|Any CPU.Build.0 = Debug|Any CPU
		{C48AEB95-DEF5-4B43-B69C-92DF3B3C043E}.Release|Any CPU.ActiveCfg = Release|Any CPU
		{C48AEB95-DEF5-4B43-B69C-92DF3B3C043E}.Release|Any CPU.Build.0 = Release|Any CPU
		{7BF71421-8428-41F4-8DE2-6079EBD9F8D7}.Debug|Any CPU.ActiveCfg = Debug|Any CPU
		{7BF71421-8428-41F4-8DE2-6079EBD9F8D7}.Debug|Any CPU.Build.0 = Debug|Any CPU
		{7BF71421-8428-41F4-8DE2-6079EBD9F8D7}.Release|Any CPU.ActiveCfg = Release|Any CPU
		{7BF71421-8428-41F4-8DE2-6079EBD9F8D7}.Release|Any CPU.Build.0 = Release|Any CPU
		{EAECBF3D-4895-4D85-B88F-353C368F5166}.Debug|Any CPU.ActiveCfg = Debug|Any CPU
		{EAECBF3D-4895-4D85-B88F-353C368F5166}.Debug|Any CPU.Build.0 = Debug|Any CPU
		{EAECBF3D-4895-4D85-B88F-353C368F5166}.Release|Any CPU.ActiveCfg = Release|Any CPU
		{EAECBF3D-4895-4D85-B88F-353C368F5166}.Release|Any CPU.Build.0 = Release|Any CPU
		{14D7A24D-D64C-4374-9A58-69F01F725D22}.Debug|Any CPU.ActiveCfg = Debug|Any CPU
		{14D7A24D-D64C-4374-9A58-69F01F725D22}.Debug|Any CPU.Build.0 = Debug|Any CPU
		{14D7A24D-D64C-4374-9A58-69F01F725D22}.Release|Any CPU.ActiveCfg = Release|Any CPU
		{14D7A24D-D64C-4374-9A58-69F01F725D22}.Release|Any CPU.Build.0 = Release|Any CPU
		{03E5AED6-8B7F-4E91-8E6A-2DA32035213B}.Debug|Any CPU.ActiveCfg = Debug|Any CPU
		{03E5AED6-8B7F-4E91-8E6A-2DA32035213B}.Debug|Any CPU.Build.0 = Debug|Any CPU
		{03E5AED6-8B7F-4E91-8E6A-2DA32035213B}.Release|Any CPU.ActiveCfg = Release|Any CPU
		{03E5AED6-8B7F-4E91-8E6A-2DA32035213B}.Release|Any CPU.Build.0 = Release|Any CPU
		{826156DB-13D3-4409-AD47-EE943AEBCCD1}.Debug|Any CPU.ActiveCfg = Debug|Any CPU
		{826156DB-13D3-4409-AD47-EE943AEBCCD1}.Debug|Any CPU.Build.0 = Debug|Any CPU
		{826156DB-13D3-4409-AD47-EE943AEBCCD1}.Release|Any CPU.ActiveCfg = Release|Any CPU
		{826156DB-13D3-4409-AD47-EE943AEBCCD1}.Release|Any CPU.Build.0 = Release|Any CPU
		{9ED1BCFA-99BC-452B-B2F5-D0740E4667F5}.Debug|Any CPU.ActiveCfg = Debug|Any CPU
		{9ED1BCFA-99BC-452B-B2F5-D0740E4667F5}.Debug|Any CPU.Build.0 = Debug|Any CPU
		{9ED1BCFA-99BC-452B-B2F5-D0740E4667F5}.Release|Any CPU.ActiveCfg = Release|Any CPU
		{9ED1BCFA-99BC-452B-B2F5-D0740E4667F5}.Release|Any CPU.Build.0 = Release|Any CPU
	EndGlobalSection
	GlobalSection(SolutionProperties) = preSolution
		HideSolutionNode = FALSE
	EndGlobalSection
	GlobalSection(ExtensibilityGlobals) = postSolution
		SolutionGuid = {563181F1-D73C-4860-9803-B8C22D9C8AF1}
	EndGlobalSection
EndGlobal
